
Microsoft Visual Studio Solution File, Format Version 12.00
# Visual Studio 15
VisualStudioVersion = 15.0.28307.902
MinimumVisualStudioVersion = 10.0.40219.1
Project("{2150E333-8FDC-42A3-9474-1A3956D46DE8}") = "Shared Projects", "Shared Projects", "{BA0B3086-BF56-4D32-971B-63226716E8AA}"
EndProject
Project("{D954291E-2A0B-460D-934E-DC6B0785DB48}") = "CCLLC.BTF.Platform", "Shared Projects\CCLLC.BTF.Platform\CCLLC.BTF.Platform.shproj", "{29C88C19-2980-46D8-9172-AEA759E9D1C1}"
EndProject
Project("{D954291E-2A0B-460D-934E-DC6B0785DB48}") = "CCLLC.BTF.Platform.CDS", "Shared Projects\CCLLC.BTF.Platform.CDS\CCLLC.BTF.Platform.CDS.shproj", "{A9A5D524-42A9-44B7-80ED-AF5EC522CBEE}"
EndProject
Project("{D954291E-2A0B-460D-934E-DC6B0785DB48}") = "CCLLC.BTF.Documents", "Shared Projects\CCLLC.BTF.Documents\CCLLC.BTF.Documents.shproj", "{C49BCDEA-04F3-4DD5-A175-E3123DCAC337}"
EndProject
Project("{D954291E-2A0B-460D-934E-DC6B0785DB48}") = "CCLLC.BTF.Documents.CDS", "Shared Projects\CCLLC.BTF.Documents.CDS\CCLLC.BTF.Documents.CDS.shproj", "{9CA7A500-F717-4F34-9F05-DC0C0E59F1F8}"
EndProject
Project("{D954291E-2A0B-460D-934E-DC6B0785DB48}") = "CCLLC.BTF.Revenue", "Shared Projects\CCLLC.BTF.Revenue\CCLLC.BTF.Revenue.shproj", "{C9FAE0CA-731B-4006-AE5E-D8B5C6E16325}"
EndProject
Project("{D954291E-2A0B-460D-934E-DC6B0785DB48}") = "CCLLC.BTF.Revenue.CDS", "Shared Projects\CCLLC.BTF.Revenue.CDS\CCLLC.BTF.Revenue.CDS.shproj", "{DF1D0D6F-6119-4A6D-8506-1BB1D4D3E60F}"
EndProject
Project("{D954291E-2A0B-460D-934E-DC6B0785DB48}") = "CCLLC.BTF.Process", "Shared Projects\CCLLC.BTF.Process\CCLLC.BTF.Process.shproj", "{3660CDCF-ABCB-4F39-867D-D63499BF6C6F}"
EndProject
Project("{D954291E-2A0B-460D-934E-DC6B0785DB48}") = "CCLLC.BTF.Process.CDS", "Shared Projects\CCLLC.BTF.Process.CDS\CCLLC.BTF.Process.CDS.shproj", "{E6FF234B-606C-4B40-8EA7-F2619AA96C53}"
EndProject
Project("{FAE04EC0-301F-11D3-BF4B-00C04F79EFBC}") = "CCLLC.BTF.Revenue.CDS", "Library Projects\CCLLC.BTF.Revenue.CDS\CCLLC.BTF.Revenue.CDS.csproj", "{08AFC78A-4E80-4211-B9EC-01505A38E05B}"
EndProject
Project("{FAE04EC0-301F-11D3-BF4B-00C04F79EFBC}") = "CCLLC.BTF.Process.CDS", "Library Projects\CCLLC.BTF.Process.CDS\CCLLC.BTF.Process.CDS.csproj", "{32CC3410-92E7-4585-A3E9-F1B87674A897}"
EndProject
Project("{2150E333-8FDC-42A3-9474-1A3956D46DE8}") = "Reference Projects", "Reference Projects", "{79ED5EF0-7A49-4FCE-A5C8-3DE005055855}"
EndProject
Project("{FAE04EC0-301F-11D3-BF4B-00C04F79EFBC}") = "CCLLC.CDS.Sdk", "..\CCLLCCodeLibraries\CCLLC.CDS\LibraryProjects\CCLLC.CDS.Sdk\CCLLC.CDS.Sdk.csproj", "{CF336BB7-87C9-4561-9549-293426BAAA3E}"
EndProject
Project("{FAE04EC0-301F-11D3-BF4B-00C04F79EFBC}") = "CCLLC.BTF.Platform.CDS", "Library Projects\CCLLC.BTF.Platform.CDS\CCLLC.BTF.Platform.CDS.csproj", "{CB57DCDC-7A70-42EE-B4DB-61DD07FA313D}"
EndProject
Project("{2150E333-8FDC-42A3-9474-1A3956D46DE8}") = "Tests", "Tests", "{265FDCA2-9FA5-4840-A417-2DF699340966}"
EndProject
Project("{D954291E-2A0B-460D-934E-DC6B0785DB48}") = "CCLLC.CDS.TestBase", "Shared Projects\CCLLC CDS.TestBase\CCLLC.CDS.TestBase.shproj", "{3C48DAF6-1A77-485A-9D54-ECAD7BDAC509}"
EndProject
Project("{FAE04EC0-301F-11D3-BF4B-00C04F79EFBC}") = "CCLLC.CDS.Testing", "Library Projects\CCLLC.CDS.Testing\CCLLC.CDS.Testing.csproj", "{B09CAB44-F47E-4994-AD63-EF9BF570F2D0}"
EndProject
Project("{FAE04EC0-301F-11D3-BF4B-00C04F79EFBC}") = "CCLLC.BTF.Process.CDS.Test", "Library Projects\CCLLC.BTF.Process.CDS.Test\CCLLC.BTF.Process.CDS.Test.csproj", "{04D65AB5-3AED-4E12-A6F5-9864389ED9BA}"
EndProject
Global
	GlobalSection(SharedMSBuildProjectFiles) = preSolution
		Shared Projects\CCLLC CDS.TestBase\CCLLC.CDS.TestBase.projitems*{04d65ab5-3aed-4e12-a6f5-9864389ed9ba}*SharedItemsImports = 4
		Shared Projects\CCLLC.BTF.Revenue.CDS\CCLLC.BTF.Revenue.CDS.projitems*{08afc78a-4e80-4211-b9ec-01505a38e05b}*SharedItemsImports = 4
		Shared Projects\CCLLC.BTF.Revenue\CCLLC.BTF.Revenue.projitems*{08afc78a-4e80-4211-b9ec-01505a38e05b}*SharedItemsImports = 4
		Shared Projects\CCLLC.BTF.Platform\CCLLC.BTF.Platform.projitems*{29c88c19-2980-46d8-9172-aea759e9d1c1}*SharedItemsImports = 13
		Shared Projects\CCLLC.BTF.Documents\CCLLC.BTF.Documents.projitems*{32cc3410-92e7-4585-a3e9-f1b87674a897}*SharedItemsImports = 4
		Shared Projects\CCLLC.BTF.Process.CDS\CCLLC.BTF.Process.CDS.projitems*{32cc3410-92e7-4585-a3e9-f1b87674a897}*SharedItemsImports = 4
		Shared Projects\CCLLC.BTF.Process\CCLLC.BTF.Process.projitems*{32cc3410-92e7-4585-a3e9-f1b87674a897}*SharedItemsImports = 4
		Shared Projects\CCLLC.BTF.Process\CCLLC.BTF.Process.projitems*{3660cdcf-abcb-4f39-867d-d63499bf6c6f}*SharedItemsImports = 13
		Shared Projects\CCLLC CDS.TestBase\CCLLC.CDS.TestBase.projitems*{3c48daf6-1a77-485a-9d54-ecad7bdac509}*SharedItemsImports = 13
		Shared Projects\CCLLC.BTF.Documents.CDS\CCLLC.BTF.Documents.CDS.projitems*{9ca7a500-f717-4f34-9f05-dc0c0e59f1f8}*SharedItemsImports = 13
		Shared Projects\CCLLC.BTF.Platform.CDS\CCLLC.BTF.Platform.CDS.projitems*{a9a5d524-42a9-44b7-80ed-af5ec522cbee}*SharedItemsImports = 13
		Shared Projects\CCLLC.BTF.Documents\CCLLC.BTF.Documents.projitems*{c49bcdea-04f3-4dd5-a175-e3123dcac337}*SharedItemsImports = 13
		Shared Projects\CCLLC.BTF.Revenue\CCLLC.BTF.Revenue.projitems*{c9fae0ca-731b-4006-ae5e-d8b5c6e16325}*SharedItemsImports = 13
		Shared Projects\CCLLC.BTF.Platform.CDS\CCLLC.BTF.Platform.CDS.projitems*{cb57dcdc-7a70-42ee-b4db-61dd07fa313d}*SharedItemsImports = 4
		Shared Projects\CCLLC.BTF.Platform\CCLLC.BTF.Platform.projitems*{cb57dcdc-7a70-42ee-b4db-61dd07fa313d}*SharedItemsImports = 4
		..\CCLLCCodeLibraries\CCLLC.CDS\SharedProjects\CCLLC.CDS.Sdk\CCLLC.CDS.Sdk.projitems*{cf336bb7-87c9-4561-9549-293426baaa3e}*SharedItemsImports = 4
		Shared Projects\CCLLC.BTF.Revenue.CDS\CCLLC.BTF.Revenue.CDS.projitems*{df1d0d6f-6119-4a6d-8506-1bb1d4d3e60f}*SharedItemsImports = 13
		Shared Projects\CCLLC.BTF.Process.CDS\CCLLC.BTF.Process.CDS.projitems*{e6ff234b-606c-4b40-8ea7-f2619aa96c53}*SharedItemsImports = 13
	EndGlobalSection
	GlobalSection(SolutionConfigurationPlatforms) = preSolution
		Debug|Any CPU = Debug|Any CPU
		Release|Any CPU = Release|Any CPU
	EndGlobalSection
	GlobalSection(ProjectConfigurationPlatforms) = postSolution
		{08AFC78A-4E80-4211-B9EC-01505A38E05B}.Debug|Any CPU.ActiveCfg = Debug|Any CPU
		{08AFC78A-4E80-4211-B9EC-01505A38E05B}.Debug|Any CPU.Build.0 = Debug|Any CPU
		{08AFC78A-4E80-4211-B9EC-01505A38E05B}.Release|Any CPU.ActiveCfg = Release|Any CPU
		{08AFC78A-4E80-4211-B9EC-01505A38E05B}.Release|Any CPU.Build.0 = Release|Any CPU
		{32CC3410-92E7-4585-A3E9-F1B87674A897}.Debug|Any CPU.ActiveCfg = Debug|Any CPU
		{32CC3410-92E7-4585-A3E9-F1B87674A897}.Debug|Any CPU.Build.0 = Debug|Any CPU
		{32CC3410-92E7-4585-A3E9-F1B87674A897}.Release|Any CPU.ActiveCfg = Release|Any CPU
		{32CC3410-92E7-4585-A3E9-F1B87674A897}.Release|Any CPU.Build.0 = Release|Any CPU
		{CF336BB7-87C9-4561-9549-293426BAAA3E}.Debug|Any CPU.ActiveCfg = Debug|Any CPU
		{CF336BB7-87C9-4561-9549-293426BAAA3E}.Debug|Any CPU.Build.0 = Debug|Any CPU
		{CF336BB7-87C9-4561-9549-293426BAAA3E}.Release|Any CPU.ActiveCfg = Release|Any CPU
		{CF336BB7-87C9-4561-9549-293426BAAA3E}.Release|Any CPU.Build.0 = Release|Any CPU
		{CB57DCDC-7A70-42EE-B4DB-61DD07FA313D}.Debug|Any CPU.ActiveCfg = Debug|Any CPU
		{CB57DCDC-7A70-42EE-B4DB-61DD07FA313D}.Debug|Any CPU.Build.0 = Debug|Any CPU
		{CB57DCDC-7A70-42EE-B4DB-61DD07FA313D}.Release|Any CPU.ActiveCfg = Release|Any CPU
		{CB57DCDC-7A70-42EE-B4DB-61DD07FA313D}.Release|Any CPU.Build.0 = Release|Any CPU
		{B09CAB44-F47E-4994-AD63-EF9BF570F2D0}.Debug|Any CPU.ActiveCfg = Debug|Any CPU
		{B09CAB44-F47E-4994-AD63-EF9BF570F2D0}.Debug|Any CPU.Build.0 = Debug|Any CPU
		{B09CAB44-F47E-4994-AD63-EF9BF570F2D0}.Release|Any CPU.ActiveCfg = Release|Any CPU
		{B09CAB44-F47E-4994-AD63-EF9BF570F2D0}.Release|Any CPU.Build.0 = Release|Any CPU
		{04D65AB5-3AED-4E12-A6F5-9864389ED9BA}.Debug|Any CPU.ActiveCfg = Debug|Any CPU
		{04D65AB5-3AED-4E12-A6F5-9864389ED9BA}.Debug|Any CPU.Build.0 = Debug|Any CPU
		{04D65AB5-3AED-4E12-A6F5-9864389ED9BA}.Release|Any CPU.ActiveCfg = Release|Any CPU
		{04D65AB5-3AED-4E12-A6F5-9864389ED9BA}.Release|Any CPU.Build.0 = Release|Any CPU
	EndGlobalSection
	GlobalSection(SolutionProperties) = preSolution
		HideSolutionNode = FALSE
	EndGlobalSection
	GlobalSection(NestedProjects) = preSolution
		{29C88C19-2980-46D8-9172-AEA759E9D1C1} = {BA0B3086-BF56-4D32-971B-63226716E8AA}
		{A9A5D524-42A9-44B7-80ED-AF5EC522CBEE} = {BA0B3086-BF56-4D32-971B-63226716E8AA}
		{C49BCDEA-04F3-4DD5-A175-E3123DCAC337} = {BA0B3086-BF56-4D32-971B-63226716E8AA}
		{9CA7A500-F717-4F34-9F05-DC0C0E59F1F8} = {BA0B3086-BF56-4D32-971B-63226716E8AA}
		{C9FAE0CA-731B-4006-AE5E-D8B5C6E16325} = {BA0B3086-BF56-4D32-971B-63226716E8AA}
		{DF1D0D6F-6119-4A6D-8506-1BB1D4D3E60F} = {BA0B3086-BF56-4D32-971B-63226716E8AA}
		{3660CDCF-ABCB-4F39-867D-D63499BF6C6F} = {BA0B3086-BF56-4D32-971B-63226716E8AA}
		{E6FF234B-606C-4B40-8EA7-F2619AA96C53} = {BA0B3086-BF56-4D32-971B-63226716E8AA}
		{CF336BB7-87C9-4561-9549-293426BAAA3E} = {79ED5EF0-7A49-4FCE-A5C8-3DE005055855}
		{3C48DAF6-1A77-485A-9D54-ECAD7BDAC509} = {BA0B3086-BF56-4D32-971B-63226716E8AA}
		{B09CAB44-F47E-4994-AD63-EF9BF570F2D0} = {265FDCA2-9FA5-4840-A417-2DF699340966}
		{04D65AB5-3AED-4E12-A6F5-9864389ED9BA} = {265FDCA2-9FA5-4840-A417-2DF699340966}
	EndGlobalSection
	GlobalSection(ExtensibilityGlobals) = postSolution
		SolutionGuid = {7403D67E-7079-4705-9BC5-11C933EFDED3}
	EndGlobalSection
EndGlobal
