
Microsoft Visual Studio Solution File, Format Version 12.00
# Visual Studio 15
VisualStudioVersion = 15.0.28307.902
MinimumVisualStudioVersion = 10.0.40219.1
Project("{2150E333-8FDC-42A3-9474-1A3956D46DE8}") = "Shared Projects", "Shared Projects", "{BA0B3086-BF56-4D32-971B-63226716E8AA}"
EndProject
Project("{D954291E-2A0B-460D-934E-DC6B0785DB48}") = "CCLLC.BTF.Platform", "Shared Projects\CCLLC.BTF.Platform\CCLLC.BTF.Platform.shproj", "{29C88C19-2980-46D8-9172-AEA759E9D1C1}"
EndProject
Project("{D954291E-2A0B-460D-934E-DC6B0785DB48}") = "CCLLC.BTF.Platform.CDS", "Shared Projects\CCLLC.BTF.Platform.CDS\CCLLC.BTF.Platform.CDS.shproj", "{A9A5D524-42A9-44B7-80ED-AF5EC522CBEE}"
EndProject
Global
	GlobalSection(SharedMSBuildProjectFiles) = preSolution
		Shared Projects\CCLLC.BTF.Platform\CCLLC.BTF.Platform.projitems*{29c88c19-2980-46d8-9172-aea759e9d1c1}*SharedItemsImports = 13
		Shared Projects\CCLLC.BTF.Platform.CDS\CCLLC.BTF.Platform.CDS.projitems*{a9a5d524-42a9-44b7-80ed-af5ec522cbee}*SharedItemsImports = 13
	EndGlobalSection
	GlobalSection(SolutionProperties) = preSolution
		HideSolutionNode = FALSE
	EndGlobalSection
	GlobalSection(NestedProjects) = preSolution
		{29C88C19-2980-46D8-9172-AEA759E9D1C1} = {BA0B3086-BF56-4D32-971B-63226716E8AA}
		{A9A5D524-42A9-44B7-80ED-AF5EC522CBEE} = {BA0B3086-BF56-4D32-971B-63226716E8AA}
	EndGlobalSection
	GlobalSection(ExtensibilityGlobals) = postSolution
		SolutionGuid = {7403D67E-7079-4705-9BC5-11C933EFDED3}
	EndGlobalSection
EndGlobal
